
Microsoft Visual Studio Solution File, Format Version 12.00
# Visual Studio Version 16
VisualStudioVersion = 16.0.32106.194
MinimumVisualStudioVersion = 10.0.40219.1
Project("{9A19103F-16F7-4668-BE54-9A1E7A4F7556}") = "Diplom_Posledmnii", "Diplom_Posledmnii\Diplom_Posledmnii.csproj", "{1312A04E-E9AE-46A7-9DF6-E90F46122DC9}"
EndProject
Project("{9A19103F-16F7-4668-BE54-9A1E7A4F7556}") = "MySqlBD", "MySqlBD\MySqlBD.csproj", "{04B34BE5-DC17-4E89-9518-9F012B4D5EA8}"
EndProject
Project("{FAE04EC0-301F-11D3-BF4B-00C04F79EFBC}") = "PostgersSqlBD", "PostgersSqlBD\PostgersSqlBD.csproj", "{7D6D2ED0-3FE3-4DFE-8BA6-3236E0A2FFBB}"
EndProject
Global
	GlobalSection(SolutionConfigurationPlatforms) = preSolution
		Debug|Any CPU = Debug|Any CPU
		Release|Any CPU = Release|Any CPU
	EndGlobalSection
	GlobalSection(ProjectConfigurationPlatforms) = postSolution
		{1312A04E-E9AE-46A7-9DF6-E90F46122DC9}.Debug|Any CPU.ActiveCfg = Debug|Any CPU
		{1312A04E-E9AE-46A7-9DF6-E90F46122DC9}.Debug|Any CPU.Build.0 = Debug|Any CPU
		{1312A04E-E9AE-46A7-9DF6-E90F46122DC9}.Release|Any CPU.ActiveCfg = Release|Any CPU
		{1312A04E-E9AE-46A7-9DF6-E90F46122DC9}.Release|Any CPU.Build.0 = Release|Any CPU
		{04B34BE5-DC17-4E89-9518-9F012B4D5EA8}.Debug|Any CPU.ActiveCfg = Debug|Any CPU
		{04B34BE5-DC17-4E89-9518-9F012B4D5EA8}.Debug|Any CPU.Build.0 = Debug|Any CPU
		{04B34BE5-DC17-4E89-9518-9F012B4D5EA8}.Release|Any CPU.ActiveCfg = Release|Any CPU
		{04B34BE5-DC17-4E89-9518-9F012B4D5EA8}.Release|Any CPU.Build.0 = Release|Any CPU
		{7D6D2ED0-3FE3-4DFE-8BA6-3236E0A2FFBB}.Debug|Any CPU.ActiveCfg = Debug|Any CPU
		{7D6D2ED0-3FE3-4DFE-8BA6-3236E0A2FFBB}.Debug|Any CPU.Build.0 = Debug|Any CPU
		{7D6D2ED0-3FE3-4DFE-8BA6-3236E0A2FFBB}.Release|Any CPU.ActiveCfg = Release|Any CPU
		{7D6D2ED0-3FE3-4DFE-8BA6-3236E0A2FFBB}.Release|Any CPU.Build.0 = Release|Any CPU
	EndGlobalSection
	GlobalSection(SolutionProperties) = preSolution
		HideSolutionNode = FALSE
	EndGlobalSection
	GlobalSection(ExtensibilityGlobals) = postSolution
		SolutionGuid = {4F2389A5-4025-4D4D-AE7E-7D19DE0EC6ED}
	EndGlobalSection
EndGlobal
